// !$*UTF8*$!
{
	archiveVersion = 1;
	classes = {
	};
	objectVersion = 56;
	objects = {

/* Begin PBXBuildFile section */
		0D013A0E2BCACB8D00BB6A22 /* AppDelegate.swift in Sources */ = {isa = PBXBuildFile; fileRef = 0D013A0D2BCACB8D00BB6A22 /* AppDelegate.swift */; };
		0D013A102BCACB8D00BB6A22 /* SceneDelegate.swift in Sources */ = {isa = PBXBuildFile; fileRef = 0D013A0F2BCACB8D00BB6A22 /* SceneDelegate.swift */; };
		0D013A122BCACB8D00BB6A22 /* ContactsViewController.swift in Sources */ = {isa = PBXBuildFile; fileRef = 0D013A112BCACB8D00BB6A22 /* ContactsViewController.swift */; };
		0D013A172BCACB8F00BB6A22 /* Assets.xcassets in Resources */ = {isa = PBXBuildFile; fileRef = 0D013A162BCACB8F00BB6A22 /* Assets.xcassets */; };
		0D013A1A2BCACB8F00BB6A22 /* LaunchScreen.storyboard in Resources */ = {isa = PBXBuildFile; fileRef = 0D013A182BCACB8F00BB6A22 /* LaunchScreen.storyboard */; };
		0D013A222BCB35AF00BB6A22 /* AddContactViewController.swift in Sources */ = {isa = PBXBuildFile; fileRef = 0D013A212BCB35AF00BB6A22 /* AddContactViewController.swift */; };
		0DD3873B2BCD6906005281BC /* ContactDetailViewController.swift in Sources */ = {isa = PBXBuildFile; fileRef = 0DD3873A2BCD6906005281BC /* ContactDetailViewController.swift */; };
		0DD3873D2BCD7FBE005281BC /* TabBarViewControllers.swift in Sources */ = {isa = PBXBuildFile; fileRef = 0DD3873C2BCD7FBE005281BC /* TabBarViewControllers.swift */; };
		0DD3873F2BCD8000005281BC /* TabBarViewController.swift in Sources */ = {isa = PBXBuildFile; fileRef = 0DD3873E2BCD8000005281BC /* TabBarViewController.swift */; };
/* End PBXBuildFile section */

/* Begin PBXFileReference section */
		0D013A0A2BCACB8D00BB6A22 /* Phonebook UIKit.app */ = {isa = PBXFileReference; explicitFileType = wrapper.application; includeInIndex = 0; path = "Phonebook UIKit.app"; sourceTree = BUILT_PRODUCTS_DIR; };
		0D013A0D2BCACB8D00BB6A22 /* AppDelegate.swift */ = {isa = PBXFileReference; lastKnownFileType = sourcecode.swift; path = AppDelegate.swift; sourceTree = "<group>"; };
		0D013A0F2BCACB8D00BB6A22 /* SceneDelegate.swift */ = {isa = PBXFileReference; lastKnownFileType = sourcecode.swift; path = SceneDelegate.swift; sourceTree = "<group>"; };
		0D013A112BCACB8D00BB6A22 /* ContactsViewController.swift */ = {isa = PBXFileReference; lastKnownFileType = sourcecode.swift; path = ContactsViewController.swift; sourceTree = "<group>"; };
		0D013A162BCACB8F00BB6A22 /* Assets.xcassets */ = {isa = PBXFileReference; lastKnownFileType = folder.assetcatalog; path = Assets.xcassets; sourceTree = "<group>"; };
		0D013A192BCACB8F00BB6A22 /* Base */ = {isa = PBXFileReference; lastKnownFileType = file.storyboard; name = Base; path = Base.lproj/LaunchScreen.storyboard; sourceTree = "<group>"; };
		0D013A1B2BCACB8F00BB6A22 /* Info.plist */ = {isa = PBXFileReference; lastKnownFileType = text.plist.xml; path = Info.plist; sourceTree = "<group>"; };
		0D013A212BCB35AF00BB6A22 /* AddContactViewController.swift */ = {isa = PBXFileReference; lastKnownFileType = sourcecode.swift; path = AddContactViewController.swift; sourceTree = "<group>"; };
		0DD3873A2BCD6906005281BC /* ContactDetailViewController.swift */ = {isa = PBXFileReference; lastKnownFileType = sourcecode.swift; path = ContactDetailViewController.swift; sourceTree = "<group>"; };
		0DD3873C2BCD7FBE005281BC /* TabBarViewControllers.swift */ = {isa = PBXFileReference; lastKnownFileType = sourcecode.swift; path = TabBarViewControllers.swift; sourceTree = "<group>"; };
		0DD3873E2BCD8000005281BC /* TabBarViewController.swift */ = {isa = PBXFileReference; lastKnownFileType = sourcecode.swift; path = TabBarViewController.swift; sourceTree = "<group>"; };
/* End PBXFileReference section */

/* Begin PBXFrameworksBuildPhase section */
		0D013A072BCACB8D00BB6A22 /* Frameworks */ = {
			isa = PBXFrameworksBuildPhase;
			buildActionMask = 2147483647;
			files = (
			);
			runOnlyForDeploymentPostprocessing = 0;
		};
/* End PBXFrameworksBuildPhase section */

/* Begin PBXGroup section */
		0D013A012BCACB8D00BB6A22 = {
			isa = PBXGroup;
			children = (
				0D013A0C2BCACB8D00BB6A22 /* Phonebook UIKit */,
				0D013A0B2BCACB8D00BB6A22 /* Products */,
			);
			sourceTree = "<group>";
		};
		0D013A0B2BCACB8D00BB6A22 /* Products */ = {
			isa = PBXGroup;
			children = (
				0D013A0A2BCACB8D00BB6A22 /* Phonebook UIKit.app */,
			);
			name = Products;
			sourceTree = "<group>";
		};
		0D013A0C2BCACB8D00BB6A22 /* Phonebook UIKit */ = {
			isa = PBXGroup;
			children = (
				0D013A0D2BCACB8D00BB6A22 /* AppDelegate.swift */,
				0D013A0F2BCACB8D00BB6A22 /* SceneDelegate.swift */,
				0D013A112BCACB8D00BB6A22 /* ContactsViewController.swift */,
				0DD3873A2BCD6906005281BC /* ContactDetailViewController.swift */,
				0D013A212BCB35AF00BB6A22 /* AddContactViewController.swift */,
				0DD3873E2BCD8000005281BC /* TabBarViewController.swift */,
				0DD3873C2BCD7FBE005281BC /* TabBarViewControllers.swift */,
				0D013A162BCACB8F00BB6A22 /* Assets.xcassets */,
				0D013A182BCACB8F00BB6A22 /* LaunchScreen.storyboard */,
				0D013A1B2BCACB8F00BB6A22 /* Info.plist */,
			);
			path = "Phonebook UIKit";
			sourceTree = "<group>";
		};
/* End PBXGroup section */

/* Begin PBXNativeTarget section */
		0D013A092BCACB8D00BB6A22 /* Phonebook UIKit */ = {
			isa = PBXNativeTarget;
			buildConfigurationList = 0D013A1E2BCACB8F00BB6A22 /* Build configuration list for PBXNativeTarget "Phonebook UIKit" */;
			buildPhases = (
				0D013A062BCACB8D00BB6A22 /* Sources */,
				0D013A072BCACB8D00BB6A22 /* Frameworks */,
				0D013A082BCACB8D00BB6A22 /* Resources */,
			);
			buildRules = (
			);
			dependencies = (
			);
			name = "Phonebook UIKit";
			productName = "Phonebook UIKit";
			productReference = 0D013A0A2BCACB8D00BB6A22 /* Phonebook UIKit.app */;
			productType = "com.apple.product-type.application";
		};
/* End PBXNativeTarget section */

/* Begin PBXProject section */
		0D013A022BCACB8D00BB6A22 /* Project object */ = {
			isa = PBXProject;
			attributes = {
				BuildIndependentTargetsInParallel = 1;
				LastSwiftUpdateCheck = 1500;
				LastUpgradeCheck = 1500;
				TargetAttributes = {
					0D013A092BCACB8D00BB6A22 = {
						CreatedOnToolsVersion = 15.0.1;
					};
				};
			};
			buildConfigurationList = 0D013A052BCACB8D00BB6A22 /* Build configuration list for PBXProject "Phonebook UIKit" */;
			compatibilityVersion = "Xcode 14.0";
			developmentRegion = en;
			hasScannedForEncodings = 0;
			knownRegions = (
				en,
				Base,
			);
			mainGroup = 0D013A012BCACB8D00BB6A22;
			productRefGroup = 0D013A0B2BCACB8D00BB6A22 /* Products */;
			projectDirPath = "";
			projectRoot = "";
			targets = (
				0D013A092BCACB8D00BB6A22 /* Phonebook UIKit */,
			);
		};
/* End PBXProject section */

/* Begin PBXResourcesBuildPhase section */
		0D013A082BCACB8D00BB6A22 /* Resources */ = {
			isa = PBXResourcesBuildPhase;
			buildActionMask = 2147483647;
			files = (
				0D013A1A2BCACB8F00BB6A22 /* LaunchScreen.storyboard in Resources */,
				0D013A172BCACB8F00BB6A22 /* Assets.xcassets in Resources */,
			);
			runOnlyForDeploymentPostprocessing = 0;
		};
/* End PBXResourcesBuildPhase section */

/* Begin PBXSourcesBuildPhase section */
		0D013A062BCACB8D00BB6A22 /* Sources */ = {
			isa = PBXSourcesBuildPhase;
			buildActionMask = 2147483647;
			files = (
				0D013A122BCACB8D00BB6A22 /* ContactsViewController.swift in Sources */,
				0DD3873B2BCD6906005281BC /* ContactDetailViewController.swift in Sources */,
				0DD3873D2BCD7FBE005281BC /* TabBarViewControllers.swift in Sources */,
				0D013A222BCB35AF00BB6A22 /* AddContactViewController.swift in Sources */,
				0DD3873F2BCD8000005281BC /* TabBarViewController.swift in Sources */,
				0D013A0E2BCACB8D00BB6A22 /* AppDelegate.swift in Sources */,
				0D013A102BCACB8D00BB6A22 /* SceneDelegate.swift in Sources */,
			);
			runOnlyForDeploymentPostprocessing = 0;
		};
/* End PBXSourcesBuildPhase section */

/* Begin PBXVariantGroup section */
		0D013A182BCACB8F00BB6A22 /* LaunchScreen.storyboard */ = {
			isa = PBXVariantGroup;
			children = (
				0D013A192BCACB8F00BB6A22 /* Base */,
			);
			name = LaunchScreen.storyboard;
			sourceTree = "<group>";
		};
/* End PBXVariantGroup section */

/* Begin XCBuildConfiguration section */
		0D013A1C2BCACB8F00BB6A22 /* Debug */ = {
			isa = XCBuildConfiguration;
			buildSettings = {
				ALWAYS_SEARCH_USER_PATHS = NO;
				ASSETCATALOG_COMPILER_GENERATE_SWIFT_ASSET_SYMBOL_EXTENSIONS = YES;
				CLANG_ANALYZER_NONNULL = YES;
				CLANG_ANALYZER_NUMBER_OBJECT_CONVERSION = YES_AGGRESSIVE;
				CLANG_CXX_LANGUAGE_STANDARD = "gnu++20";
				CLANG_ENABLE_MODULES = YES;
				CLANG_ENABLE_OBJC_ARC = YES;
				CLANG_ENABLE_OBJC_WEAK = YES;
				CLANG_WARN_BLOCK_CAPTURE_AUTORELEASING = YES;
				CLANG_WARN_BOOL_CONVERSION = YES;
				CLANG_WARN_COMMA = YES;
				CLANG_WARN_CONSTANT_CONVERSION = YES;
				CLANG_WARN_DEPRECATED_OBJC_IMPLEMENTATIONS = YES;
				CLANG_WARN_DIRECT_OBJC_ISA_USAGE = YES_ERROR;
				CLANG_WARN_DOCUMENTATION_COMMENTS = YES;
				CLANG_WARN_EMPTY_BODY = YES;
				CLANG_WARN_ENUM_CONVERSION = YES;
				CLANG_WARN_INFINITE_RECURSION = YES;
				CLANG_WARN_INT_CONVERSION = YES;
				CLANG_WARN_NON_LITERAL_NULL_CONVERSION = YES;
				CLANG_WARN_OBJC_IMPLICIT_RETAIN_SELF = YES;
				CLANG_WARN_OBJC_LITERAL_CONVERSION = YES;
				CLANG_WARN_OBJC_ROOT_CLASS = YES_ERROR;
				CLANG_WARN_QUOTED_INCLUDE_IN_FRAMEWORK_HEADER = YES;
				CLANG_WARN_RANGE_LOOP_ANALYSIS = YES;
				CLANG_WARN_STRICT_PROTOTYPES = YES;
				CLANG_WARN_SUSPICIOUS_MOVE = YES;
				CLANG_WARN_UNGUARDED_AVAILABILITY = YES_AGGRESSIVE;
				CLANG_WARN_UNREACHABLE_CODE = YES;
				CLANG_WARN__DUPLICATE_METHOD_MATCH = YES;
				COPY_PHASE_STRIP = NO;
				DEBUG_INFORMATION_FORMAT = dwarf;
				ENABLE_STRICT_OBJC_MSGSEND = YES;
				ENABLE_TESTABILITY = YES;
				ENABLE_USER_SCRIPT_SANDBOXING = YES;
				GCC_C_LANGUAGE_STANDARD = gnu17;
				GCC_DYNAMIC_NO_PIC = NO;
				GCC_NO_COMMON_BLOCKS = YES;
				GCC_OPTIMIZATION_LEVEL = 0;
				GCC_PREPROCESSOR_DEFINITIONS = (
					"DEBUG=1",
					"$(inherited)",
				);
				GCC_WARN_64_TO_32_BIT_CONVERSION = YES;
				GCC_WARN_ABOUT_RETURN_TYPE = YES_ERROR;
				GCC_WARN_UNDECLARED_SELECTOR = YES;
				GCC_WARN_UNINITIALIZED_AUTOS = YES_AGGRESSIVE;
				GCC_WARN_UNUSED_FUNCTION = YES;
				GCC_WARN_UNUSED_VARIABLE = YES;
				IPHONEOS_DEPLOYMENT_TARGET = 17.0;
				LOCALIZATION_PREFERS_STRING_CATALOGS = YES;
				MTL_ENABLE_DEBUG_INFO = INCLUDE_SOURCE;
				MTL_FAST_MATH = YES;
				ONLY_ACTIVE_ARCH = YES;
				SDKROOT = iphoneos;
				SWIFT_ACTIVE_COMPILATION_CONDITIONS = "DEBUG $(inherited)";
				SWIFT_OPTIMIZATION_LEVEL = "-Onone";
			};
			name = Debug;
		};
		0D013A1D2BCACB8F00BB6A22 /* Release */ = {
			isa = XCBuildConfiguration;
			buildSettings = {
				ALWAYS_SEARCH_USER_PATHS = NO;
				ASSETCATALOG_COMPILER_GENERATE_SWIFT_ASSET_SYMBOL_EXTENSIONS = YES;
				CLANG_ANALYZER_NONNULL = YES;
				CLANG_ANALYZER_NUMBER_OBJECT_CONVERSION = YES_AGGRESSIVE;
				CLANG_CXX_LANGUAGE_STANDARD = "gnu++20";
				CLANG_ENABLE_MODULES = YES;
				CLANG_ENABLE_OBJC_ARC = YES;
				CLANG_ENABLE_OBJC_WEAK = YES;
				CLANG_WARN_BLOCK_CAPTURE_AUTORELEASING = YES;
				CLANG_WARN_BOOL_CONVERSION = YES;
				CLANG_WARN_COMMA = YES;
				CLANG_WARN_CONSTANT_CONVERSION = YES;
				CLANG_WARN_DEPRECATED_OBJC_IMPLEMENTATIONS = YES;
				CLANG_WARN_DIRECT_OBJC_ISA_USAGE = YES_ERROR;
				CLANG_WARN_DOCUMENTATION_COMMENTS = YES;
				CLANG_WARN_EMPTY_BODY = YES;
				CLANG_WARN_ENUM_CONVERSION = YES;
				CLANG_WARN_INFINITE_RECURSION = YES;
				CLANG_WARN_INT_CONVERSION = YES;
				CLANG_WARN_NON_LITERAL_NULL_CONVERSION = YES;
				CLANG_WARN_OBJC_IMPLICIT_RETAIN_SELF = YES;
				CLANG_WARN_OBJC_LITERAL_CONVERSION = YES;
				CLANG_WARN_OBJC_ROOT_CLASS = YES_ERROR;
				CLANG_WARN_QUOTED_INCLUDE_IN_FRAMEWORK_HEADER = YES;
				CLANG_WARN_RANGE_LOOP_ANALYSIS = YES;
				CLANG_WARN_STRICT_PROTOTYPES = YES;
				CLANG_WARN_SUSPICIOUS_MOVE = YES;
				CLANG_WARN_UNGUARDED_AVAILABILITY = YES_AGGRESSIVE;
				CLANG_WARN_UNREACHABLE_CODE = YES;
				CLANG_WARN__DUPLICATE_METHOD_MATCH = YES;
				COPY_PHASE_STRIP = NO;
				DEBUG_INFORMATION_FORMAT = "dwarf-with-dsym";
				ENABLE_NS_ASSERTIONS = NO;
				ENABLE_STRICT_OBJC_MSGSEND = YES;
				ENABLE_USER_SCRIPT_SANDBOXING = YES;
				GCC_C_LANGUAGE_STANDARD = gnu17;
				GCC_NO_COMMON_BLOCKS = YES;
				GCC_WARN_64_TO_32_BIT_CONVERSION = YES;
				GCC_WARN_ABOUT_RETURN_TYPE = YES_ERROR;
				GCC_WARN_UNDECLARED_SELECTOR = YES;
				GCC_WARN_UNINITIALIZED_AUTOS = YES_AGGRESSIVE;
				GCC_WARN_UNUSED_FUNCTION = YES;
				GCC_WARN_UNUSED_VARIABLE = YES;
				IPHONEOS_DEPLOYMENT_TARGET = 17.0;
				LOCALIZATION_PREFERS_STRING_CATALOGS = YES;
				MTL_ENABLE_DEBUG_INFO = NO;
				MTL_FAST_MATH = YES;
				SDKROOT = iphoneos;
				SWIFT_COMPILATION_MODE = wholemodule;
				VALIDATE_PRODUCT = YES;
			};
			name = Release;
		};
		0D013A1F2BCACB8F00BB6A22 /* Debug */ = {
			isa = XCBuildConfiguration;
			buildSettings = {
				ASSETCATALOG_COMPILER_APPICON_NAME = AppIcon;
				ASSETCATALOG_COMPILER_GLOBAL_ACCENT_COLOR_NAME = AccentColor;
				CODE_SIGN_STYLE = Automatic;
				CURRENT_PROJECT_VERSION = 1;
				DEVELOPMENT_TEAM = R5NQD9HB5M;
				GENERATE_INFOPLIST_FILE = YES;
				INFOPLIST_FILE = "Phonebook UIKit/Info.plist";
				INFOPLIST_KEY_UIApplicationSupportsIndirectInputEvents = YES;
				INFOPLIST_KEY_UILaunchStoryboardName = LaunchScreen;
				INFOPLIST_KEY_UISupportedInterfaceOrientations_iPad = "UIInterfaceOrientationPortrait UIInterfaceOrientationPortraitUpsideDown UIInterfaceOrientationLandscapeLeft UIInterfaceOrientationLandscapeRight";
				INFOPLIST_KEY_UISupportedInterfaceOrientations_iPhone = "UIInterfaceOrientationPortrait UIInterfaceOrientationLandscapeLeft UIInterfaceOrientationLandscapeRight";
				LD_RUNPATH_SEARCH_PATHS = (
					"$(inherited)",
					"@executable_path/Frameworks",
				);
				MARKETING_VERSION = 1.0;
				PRODUCT_BUNDLE_IDENTIFIER = "com.besix.Phonebook-UIKit";
				PRODUCT_NAME = "$(TARGET_NAME)";
				SWIFT_EMIT_LOC_STRINGS = YES;
				SWIFT_VERSION = 5.0;
				TARGETED_DEVICE_FAMILY = "1,2";
			};
			name = Debug;
		};
		0D013A202BCACB8F00BB6A22 /* Release */ = {
			isa = XCBuildConfiguration;
			buildSettings = {
				ASSETCATALOG_COMPILER_APPICON_NAME = AppIcon;
				ASSETCATALOG_COMPILER_GLOBAL_ACCENT_COLOR_NAME = AccentColor;
				CODE_SIGN_STYLE = Automatic;
				CURRENT_PROJECT_VERSION = 1;
				DEVELOPMENT_TEAM = R5NQD9HB5M;
				GENERATE_INFOPLIST_FILE = YES;
				INFOPLIST_FILE = "Phonebook UIKit/Info.plist";
				INFOPLIST_KEY_UIApplicationSupportsIndirectInputEvents = YES;
				INFOPLIST_KEY_UILaunchStoryboardName = LaunchScreen;
				INFOPLIST_KEY_UISupportedInterfaceOrientations_iPad = "UIInterfaceOrientationPortrait UIInterfaceOrientationPortraitUpsideDown UIInterfaceOrientationLandscapeLeft UIInterfaceOrientationLandscapeRight";
				INFOPLIST_KEY_UISupportedInterfaceOrientations_iPhone = "UIInterfaceOrientationPortrait UIInterfaceOrientationLandscapeLeft UIInterfaceOrientationLandscapeRight";
				LD_RUNPATH_SEARCH_PATHS = (
					"$(inherited)",
					"@executable_path/Frameworks",
				);
				MARKETING_VERSION = 1.0;
				PRODUCT_BUNDLE_IDENTIFIER = "com.besix.Phonebook-UIKit";
				PRODUCT_NAME = "$(TARGET_NAME)";
				SWIFT_EMIT_LOC_STRINGS = YES;
				SWIFT_VERSION = 5.0;
				TARGETED_DEVICE_FAMILY = "1,2";
			};
			name = Release;
		};
/* End XCBuildConfiguration section */

/* Begin XCConfigurationList section */
		0D013A052BCACB8D00BB6A22 /* Build configuration list for PBXProject "Phonebook UIKit" */ = {
			isa = XCConfigurationList;
			buildConfigurations = (
				0D013A1C2BCACB8F00BB6A22 /* Debug */,
				0D013A1D2BCACB8F00BB6A22 /* Release */,
			);
			defaultConfigurationIsVisible = 0;
			defaultConfigurationName = Release;
		};
		0D013A1E2BCACB8F00BB6A22 /* Build configuration list for PBXNativeTarget "Phonebook UIKit" */ = {
			isa = XCConfigurationList;
			buildConfigurations = (
				0D013A1F2BCACB8F00BB6A22 /* Debug */,
				0D013A202BCACB8F00BB6A22 /* Release */,
			);
			defaultConfigurationIsVisible = 0;
			defaultConfigurationName = Release;
		};
/* End XCConfigurationList section */
	};
	rootObject = 0D013A022BCACB8D00BB6A22 /* Project object */;
}
